# THIS IS AN AUTOGENERATED FILE. DO NOT EDIT THIS FILE DIRECTLY.
# yarn lockfile v1
"benchmark@github:bestiejs/benchmark.js#master":
  version "2.1.2"
  resolved "https://codeload.github.com/bestiejs/benchmark.js/tar.gz/d6e18568b410beeaad40f1255dd0cd6569912698"
  dependencies:
    lodash "^4.17.2"
    platform "^1.3.3"

immutable:
  version "3.8.1"
  resolved "https://registry.yarnpkg.com/immutable/-/immutable-3.8.1.tgz#200807f11ab0f72710ea485542de088075f68cd2"

lodash@^4.17.2:
  version "4.17.2"
  resolved "https://registry.yarnpkg.com/lodash/-/lodash-4.17.2.tgz#34a3055babe04ce42467b607d700072c7ff6bf42"

platform@^1.3.3:
  version "1.3.3"
  resolved "https://registry.yarnpkg.com/platform/-/platform-1.3.3.tgz#646c77011899870b6a0903e75e997e8e51da7461"

